
Terraform used the selected providers to generate the following execution
plan. Resource actions are indicated with the following symbols:
  [32m+[0m create
[0m
Terraform will perform the following actions:

[1m  # aws_efs_access_point.efs_access_point[0m will be created[0m[0m
[0m  [32m+[0m[0m resource "aws_efs_access_point" "efs_access_point" {
      [32m+[0m [0m[1m[0marn[0m[0m             = (known after apply)
      [32m+[0m [0m[1m[0mfile_system_arn[0m[0m = (known after apply)
      [32m+[0m [0m[1m[0mfile_system_id[0m[0m  = (known after apply)
      [32m+[0m [0m[1m[0mid[0m[0m              = (known after apply)
      [32m+[0m [0m[1m[0mowner_id[0m[0m        = (known after apply)
      [32m+[0m [0m[1m[0mtags_all[0m[0m        = (known after apply)

      [32m+[0m [0mroot_directory {
          [32m+[0m [0m[1m[0mpath[0m[0m = (known after apply)

          [32m+[0m [0mcreation_info {
              [32m+[0m [0m[1m[0mowner_gid[0m[0m   = (known after apply)
              [32m+[0m [0m[1m[0mowner_uid[0m[0m   = (known after apply)
              [32m+[0m [0m[1m[0mpermissions[0m[0m = (known after apply)
            }
        }
    }

[1m  # aws_efs_file_system.efs[0m will be created[0m[0m
[0m  [32m+[0m[0m resource "aws_efs_file_system" "efs" {
      [32m+[0m [0m[1m[0marn[0m[0m                     = (known after apply)
      [32m+[0m [0m[1m[0mavailability_zone_id[0m[0m    = (known after apply)
      [32m+[0m [0m[1m[0mavailability_zone_name[0m[0m  = (known after apply)
      [32m+[0m [0m[1m[0mcreation_token[0m[0m          = "proj2024-efs"
      [32m+[0m [0m[1m[0mdns_name[0m[0m                = (known after apply)
      [32m+[0m [0m[1m[0mencrypted[0m[0m               = (known after apply)
      [32m+[0m [0m[1m[0mid[0m[0m                      = (known after apply)
      [32m+[0m [0m[1m[0mkms_key_id[0m[0m              = (known after apply)
      [32m+[0m [0m[1m[0mname[0m[0m                    = (known after apply)
      [32m+[0m [0m[1m[0mnumber_of_mount_targets[0m[0m = (known after apply)
      [32m+[0m [0m[1m[0mowner_id[0m[0m                = (known after apply)
      [32m+[0m [0m[1m[0mperformance_mode[0m[0m        = (known after apply)
      [32m+[0m [0m[1m[0msize_in_bytes[0m[0m           = (known after apply)
      [32m+[0m [0m[1m[0mtags[0m[0m                    = {
          [32m+[0m [0m"Name" = "proj2024-efs"
        }
      [32m+[0m [0m[1m[0mtags_all[0m[0m                = {
          [32m+[0m [0m"Name" = "proj2024-efs"
        }
      [32m+[0m [0m[1m[0mthroughput_mode[0m[0m         = "bursting"

      [32m+[0m [0mprotection {
          [32m+[0m [0m[1m[0mreplication_overwrite[0m[0m = (known after apply)
        }
    }

[1m  # aws_efs_mount_target.efs_mount[0m will be created[0m[0m
[0m  [32m+[0m[0m resource "aws_efs_mount_target" "efs_mount" {
      [32m+[0m [0m[1m[0mavailability_zone_id[0m[0m   = (known after apply)
      [32m+[0m [0m[1m[0mavailability_zone_name[0m[0m = (known after apply)
      [32m+[0m [0m[1m[0mdns_name[0m[0m               = (known after apply)
      [32m+[0m [0m[1m[0mfile_system_arn[0m[0m        = (known after apply)
      [32m+[0m [0m[1m[0mfile_system_id[0m[0m         = (known after apply)
      [32m+[0m [0m[1m[0mid[0m[0m                     = (known after apply)
      [32m+[0m [0m[1m[0mip_address[0m[0m             = (known after apply)
      [32m+[0m [0m[1m[0mmount_target_dns_name[0m[0m  = (known after apply)
      [32m+[0m [0m[1m[0mnetwork_interface_id[0m[0m   = (known after apply)
      [32m+[0m [0m[1m[0mowner_id[0m[0m               = (known after apply)
      [32m+[0m [0m[1m[0msecurity_groups[0m[0m        = (known after apply)
      [32m+[0m [0m[1m[0msubnet_id[0m[0m              = (known after apply)
    }

[1m  # aws_eip.eip[0m will be created[0m[0m
[0m  [32m+[0m[0m resource "aws_eip" "eip" {
      [32m+[0m [0m[1m[0mallocation_id[0m[0m        = (known after apply)
      [32m+[0m [0m[1m[0massociation_id[0m[0m       = (known after apply)
      [32m+[0m [0m[1m[0mcarrier_ip[0m[0m           = (known after apply)
      [32m+[0m [0m[1m[0mcustomer_owned_ip[0m[0m    = (known after apply)
      [32m+[0m [0m[1m[0mdomain[0m[0m               = "vpc"
      [32m+[0m [0m[1m[0mid[0m[0m                   = (known after apply)
      [32m+[0m [0m[1m[0minstance[0m[0m             = (known after apply)
      [32m+[0m [0m[1m[0mnetwork_border_group[0m[0m = (known after apply)
      [32m+[0m [0m[1m[0mnetwork_interface[0m[0m    = (known after apply)
      [32m+[0m [0m[1m[0mprivate_dns[0m[0m          = (known after apply)
      [32m+[0m [0m[1m[0mprivate_ip[0m[0m           = (known after apply)
      [32m+[0m [0m[1m[0mpublic_dns[0m[0m           = (known after apply)
      [32m+[0m [0m[1m[0mpublic_ip[0m[0m            = (known after apply)
      [32m+[0m [0m[1m[0mpublic_ipv4_pool[0m[0m     = (known after apply)
      [32m+[0m [0m[1m[0mtags[0m[0m                 = {
          [32m+[0m [0m"Name" = "proj2024-eip"
        }
      [32m+[0m [0m[1m[0mtags_all[0m[0m             = {
          [32m+[0m [0m"Name" = "proj2024-eip"
        }
      [32m+[0m [0m[1m[0mvpc[0m[0m                  = (known after apply)
    }

[1m  # aws_iam_instance_profile.ec2_storage_full_access[0m will be created[0m[0m
[0m  [32m+[0m[0m resource "aws_iam_instance_profile" "ec2_storage_full_access" {
      [32m+[0m [0m[1m[0marn[0m[0m         = (known after apply)
      [32m+[0m [0m[1m[0mcreate_date[0m[0m = (known after apply)
      [32m+[0m [0m[1m[0mid[0m[0m          = (known after apply)
      [32m+[0m [0m[1m[0mname[0m[0m        = "ec2_storage_full_access"
      [32m+[0m [0m[1m[0mname_prefix[0m[0m = (known after apply)
      [32m+[0m [0m[1m[0mpath[0m[0m        = "/"
      [32m+[0m [0m[1m[0mrole[0m[0m        = "ec2_storage_role"
      [32m+[0m [0m[1m[0mtags_all[0m[0m    = (known after apply)
      [32m+[0m [0m[1m[0munique_id[0m[0m   = (known after apply)
    }

[1m  # aws_iam_policy.ec2_efs_policy[0m will be created[0m[0m
[0m  [32m+[0m[0m resource "aws_iam_policy" "ec2_efs_policy" {
      [32m+[0m [0m[1m[0marn[0m[0m         = (known after apply)
      [32m+[0m [0m[1m[0mdescription[0m[0m = "Policy for EC2 instances manage EFS file system"
      [32m+[0m [0m[1m[0mid[0m[0m          = (known after apply)
      [32m+[0m [0m[1m[0mname[0m[0m        = "ec2_efs_policy"
      [32m+[0m [0m[1m[0mname_prefix[0m[0m = (known after apply)
      [32m+[0m [0m[1m[0mpath[0m[0m        = "/"
      [32m+[0m [0m[1m[0mpolicy[0m[0m      = jsonencode(
            {
              [32m+[0m [0mStatement = [
                  [32m+[0m [0m{
                      [32m+[0m [0mAction   = [
                          [32m+[0m [0m"elasticfilesystem:CreateFileSystem",
                          [32m+[0m [0m"elasticfilesystem:DeleteFileSystem",
                          [32m+[0m [0m"elasticfilesystem:DescribeMountTargets",
                          [32m+[0m [0m"ec2:DescribeAvailabilityZones",
                          [32m+[0m [0m"ec2:CreateNetworkInterface",
                          [32m+[0m [0m"ec2:DeleteNetworkInterface",
                          [32m+[0m [0m"ec2:DescribeInstances",
                          [32m+[0m [0m"ec2-instance-connect:SendSSHPublicKey",
                        ]
                      [32m+[0m [0mEffect   = "Allow"
                      [32m+[0m [0mResource = "*"
                    },
                ]
              [32m+[0m [0mVersion   = "2012-10-17"
            }
        )
      [32m+[0m [0m[1m[0mpolicy_id[0m[0m   = (known after apply)
      [32m+[0m [0m[1m[0mtags_all[0m[0m    = (known after apply)
    }

[1m  # aws_iam_role.ec2_storage_role[0m will be created[0m[0m
[0m  [32m+[0m[0m resource "aws_iam_role" "ec2_storage_role" {
      [32m+[0m [0m[1m[0marn[0m[0m                   = (known after apply)
      [32m+[0m [0m[1m[0massume_role_policy[0m[0m    = jsonencode(
            {
              [32m+[0m [0mStatement = [
                  [32m+[0m [0m{
                      [32m+[0m [0mAction    = "sts:AssumeRole"
                      [32m+[0m [0mEffect    = "Allow"
                      [32m+[0m [0mPrincipal = {
                          [32m+[0m [0mService = "ec2.amazonaws.com"
                        }
                      [32m+[0m [0mSid       = ""
                    },
                ]
              [32m+[0m [0mVersion   = "2012-10-17"
            }
        )
      [32m+[0m [0m[1m[0mcreate_date[0m[0m           = (known after apply)
      [32m+[0m [0m[1m[0mforce_detach_policies[0m[0m = false
      [32m+[0m [0m[1m[0mid[0m[0m                    = (known after apply)
      [32m+[0m [0m[1m[0mmanaged_policy_arns[0m[0m   = (known after apply)
      [32m+[0m [0m[1m[0mmax_session_duration[0m[0m  = 3600
      [32m+[0m [0m[1m[0mname[0m[0m                  = "ec2_storage_role"
      [32m+[0m [0m[1m[0mname_prefix[0m[0m           = (known after apply)
      [32m+[0m [0m[1m[0mpath[0m[0m                  = "/"
      [32m+[0m [0m[1m[0mtags_all[0m[0m              = (known after apply)
      [32m+[0m [0m[1m[0munique_id[0m[0m             = (known after apply)

      [32m+[0m [0minline_policy {
          [32m+[0m [0m[1m[0mname[0m[0m   = (known after apply)
          [32m+[0m [0m[1m[0mpolicy[0m[0m = (known after apply)
        }
    }

[1m  # aws_iam_role_policy_attachment.ec2_efs_rw_attachment[0m will be created[0m[0m
[0m  [32m+[0m[0m resource "aws_iam_role_policy_attachment" "ec2_efs_rw_attachment" {
      [32m+[0m [0m[1m[0mid[0m[0m         = (known after apply)
      [32m+[0m [0m[1m[0mpolicy_arn[0m[0m = (known after apply)
      [32m+[0m [0m[1m[0mrole[0m[0m       = "ec2_storage_role"
    }

[1m  # aws_iam_role_policy_attachment.ec2_s3_rw_policy[0m will be created[0m[0m
[0m  [32m+[0m[0m resource "aws_iam_role_policy_attachment" "ec2_s3_rw_policy" {
      [32m+[0m [0m[1m[0mid[0m[0m         = (known after apply)
      [32m+[0m [0m[1m[0mpolicy_arn[0m[0m = "arn:aws:iam::aws:policy/AmazonS3FullAccess"
      [32m+[0m [0m[1m[0mrole[0m[0m       = "ec2_storage_role"
    }

[1m  # aws_instance.ec2_private[0m will be created[0m[0m
[0m  [32m+[0m[0m resource "aws_instance" "ec2_private" {
      [32m+[0m [0m[1m[0mami[0m[0m                                  = "ami-0ef9e689241f0bb6e"
      [32m+[0m [0m[1m[0marn[0m[0m                                  = (known after apply)
      [32m+[0m [0m[1m[0massociate_public_ip_address[0m[0m          = (known after apply)
      [32m+[0m [0m[1m[0mavailability_zone[0m[0m                    = (known after apply)
      [32m+[0m [0m[1m[0mcpu_core_count[0m[0m                       = (known after apply)
      [32m+[0m [0m[1m[0mcpu_threads_per_core[0m[0m                 = (known after apply)
      [32m+[0m [0m[1m[0mdisable_api_stop[0m[0m                     = (known after apply)
      [32m+[0m [0m[1m[0mdisable_api_termination[0m[0m              = (known after apply)
      [32m+[0m [0m[1m[0mebs_optimized[0m[0m                        = (known after apply)
      [32m+[0m [0m[1m[0mget_password_data[0m[0m                    = false
      [32m+[0m [0m[1m[0mhost_id[0m[0m                              = (known after apply)
      [32m+[0m [0m[1m[0mhost_resource_group_arn[0m[0m              = (known after apply)
      [32m+[0m [0m[1m[0miam_instance_profile[0m[0m                 = "ec2_storage_full_access"
      [32m+[0m [0m[1m[0mid[0m[0m                                   = (known after apply)
      [32m+[0m [0m[1m[0minstance_initiated_shutdown_behavior[0m[0m = (known after apply)
      [32m+[0m [0m[1m[0minstance_lifecycle[0m[0m                   = (known after apply)
      [32m+[0m [0m[1m[0minstance_state[0m[0m                       = (known after apply)
      [32m+[0m [0m[1m[0minstance_type[0m[0m                        = "t2.micro"
      [32m+[0m [0m[1m[0mipv6_address_count[0m[0m                   = (known after apply)
      [32m+[0m [0m[1m[0mipv6_addresses[0m[0m                       = (known after apply)
      [32m+[0m [0m[1m[0mkey_name[0m[0m                             = "test"
      [32m+[0m [0m[1m[0mmonitoring[0m[0m                           = (known after apply)
      [32m+[0m [0m[1m[0moutpost_arn[0m[0m                          = (known after apply)
      [32m+[0m [0m[1m[0mpassword_data[0m[0m                        = (known after apply)
      [32m+[0m [0m[1m[0mplacement_group[0m[0m                      = (known after apply)
      [32m+[0m [0m[1m[0mplacement_partition_number[0m[0m           = (known after apply)
      [32m+[0m [0m[1m[0mprimary_network_interface_id[0m[0m         = (known after apply)
      [32m+[0m [0m[1m[0mprivate_dns[0m[0m                          = (known after apply)
      [32m+[0m [0m[1m[0mprivate_ip[0m[0m                           = (known after apply)
      [32m+[0m [0m[1m[0mpublic_dns[0m[0m                           = (known after apply)
      [32m+[0m [0m[1m[0mpublic_ip[0m[0m                            = (known after apply)
      [32m+[0m [0m[1m[0msecondary_private_ips[0m[0m                = (known after apply)
      [32m+[0m [0m[1m[0msecurity_groups[0m[0m                      = (known after apply)
      [32m+[0m [0m[1m[0msource_dest_check[0m[0m                    = true
      [32m+[0m [0m[1m[0mspot_instance_request_id[0m[0m             = (known after apply)
      [32m+[0m [0m[1m[0msubnet_id[0m[0m                            = (known after apply)
      [32m+[0m [0m[1m[0mtags[0m[0m                                 = {
          [32m+[0m [0m"Name" = "proj2024-ec2_private"
        }
      [32m+[0m [0m[1m[0mtags_all[0m[0m                             = {
          [32m+[0m [0m"Name" = "proj2024-ec2_private"
        }
      [32m+[0m [0m[1m[0mtenancy[0m[0m                              = (known after apply)
      [32m+[0m [0m[1m[0muser_data[0m[0m                            = (known after apply)
      [32m+[0m [0m[1m[0muser_data_base64[0m[0m                     = (known after apply)
      [32m+[0m [0m[1m[0muser_data_replace_on_change[0m[0m          = false
      [32m+[0m [0m[1m[0mvpc_security_group_ids[0m[0m               = (known after apply)

      [32m+[0m [0mcapacity_reservation_specification {
          [32m+[0m [0m[1m[0mcapacity_reservation_preference[0m[0m = (known after apply)

          [32m+[0m [0mcapacity_reservation_target {
              [32m+[0m [0m[1m[0mcapacity_reservation_id[0m[0m                 = (known after apply)
              [32m+[0m [0m[1m[0mcapacity_reservation_resource_group_arn[0m[0m = (known after apply)
            }
        }

      [32m+[0m [0mcpu_options {
          [32m+[0m [0m[1m[0mamd_sev_snp[0m[0m      = (known after apply)
          [32m+[0m [0m[1m[0mcore_count[0m[0m       = (known after apply)
          [32m+[0m [0m[1m[0mthreads_per_core[0m[0m = (known after apply)
        }

      [32m+[0m [0mebs_block_device {
          [32m+[0m [0m[1m[0mdelete_on_termination[0m[0m = (known after apply)
          [32m+[0m [0m[1m[0mdevice_name[0m[0m           = (known after apply)
          [32m+[0m [0m[1m[0mencrypted[0m[0m             = (known after apply)
          [32m+[0m [0m[1m[0miops[0m[0m                  = (known after apply)
          [32m+[0m [0m[1m[0mkms_key_id[0m[0m            = (known after apply)
          [32m+[0m [0m[1m[0msnapshot_id[0m[0m           = (known after apply)
          [32m+[0m [0m[1m[0mtags[0m[0m                  = (known after apply)
          [32m+[0m [0m[1m[0mthroughput[0m[0m            = (known after apply)
          [32m+[0m [0m[1m[0mvolume_id[0m[0m             = (known after apply)
          [32m+[0m [0m[1m[0mvolume_size[0m[0m           = (known after apply)
          [32m+[0m [0m[1m[0mvolume_type[0m[0m           = (known after apply)
        }

      [32m+[0m [0menclave_options {
          [32m+[0m [0m[1m[0menabled[0m[0m = (known after apply)
        }

      [32m+[0m [0mephemeral_block_device {
          [32m+[0m [0m[1m[0mdevice_name[0m[0m  = (known after apply)
          [32m+[0m [0m[1m[0mno_device[0m[0m    = (known after apply)
          [32m+[0m [0m[1m[0mvirtual_name[0m[0m = (known after apply)
        }

      [32m+[0m [0minstance_market_options {
          [32m+[0m [0m[1m[0mmarket_type[0m[0m = (known after apply)

          [32m+[0m [0mspot_options {
              [32m+[0m [0m[1m[0minstance_interruption_behavior[0m[0m = (known after apply)
              [32m+[0m [0m[1m[0mmax_price[0m[0m                      = (known after apply)
              [32m+[0m [0m[1m[0mspot_instance_type[0m[0m             = (known after apply)
              [32m+[0m [0m[1m[0mvalid_until[0m[0m                    = (known after apply)
            }
        }

      [32m+[0m [0mmaintenance_options {
          [32m+[0m [0m[1m[0mauto_recovery[0m[0m = (known after apply)
        }

      [32m+[0m [0mmetadata_options {
          [32m+[0m [0m[1m[0mhttp_endpoint[0m[0m               = (known after apply)
          [32m+[0m [0m[1m[0mhttp_protocol_ipv6[0m[0m          = (known after apply)
          [32m+[0m [0m[1m[0mhttp_put_response_hop_limit[0m[0m = (known after apply)
          [32m+[0m [0m[1m[0mhttp_tokens[0m[0m                 = (known after apply)
          [32m+[0m [0m[1m[0minstance_metadata_tags[0m[0m      = (known after apply)
        }

      [32m+[0m [0mnetwork_interface {
          [32m+[0m [0m[1m[0mdelete_on_termination[0m[0m = (known after apply)
          [32m+[0m [0m[1m[0mdevice_index[0m[0m          = (known after apply)
          [32m+[0m [0m[1m[0mnetwork_card_index[0m[0m    = (known after apply)
          [32m+[0m [0m[1m[0mnetwork_interface_id[0m[0m  = (known after apply)
        }

      [32m+[0m [0mprivate_dns_name_options {
          [32m+[0m [0m[1m[0menable_resource_name_dns_a_record[0m[0m    = (known after apply)
          [32m+[0m [0m[1m[0menable_resource_name_dns_aaaa_record[0m[0m = (known after apply)
          [32m+[0m [0m[1m[0mhostname_type[0m[0m                        = (known after apply)
        }

      [32m+[0m [0mroot_block_device {
          [32m+[0m [0m[1m[0mdelete_on_termination[0m[0m = (known after apply)
          [32m+[0m [0m[1m[0mdevice_name[0m[0m           = (known after apply)
          [32m+[0m [0m[1m[0mencrypted[0m[0m             = (known after apply)
          [32m+[0m [0m[1m[0miops[0m[0m                  = (known after apply)
          [32m+[0m [0m[1m[0mkms_key_id[0m[0m            = (known after apply)
          [32m+[0m [0m[1m[0mtags[0m[0m                  = (known after apply)
          [32m+[0m [0m[1m[0mthroughput[0m[0m            = (known after apply)
          [32m+[0m [0m[1m[0mvolume_id[0m[0m             = (known after apply)
          [32m+[0m [0m[1m[0mvolume_size[0m[0m           = (known after apply)
          [32m+[0m [0m[1m[0mvolume_type[0m[0m           = (known after apply)
        }
    }

[1m  # aws_instance.ec2_public[0m will be created[0m[0m
[0m  [32m+[0m[0m resource "aws_instance" "ec2_public" {
      [32m+[0m [0m[1m[0mami[0m[0m                                  = "ami-0ef9e689241f0bb6e"
      [32m+[0m [0m[1m[0marn[0m[0m                                  = (known after apply)
      [32m+[0m [0m[1m[0massociate_public_ip_address[0m[0m          = (known after apply)
      [32m+[0m [0m[1m[0mavailability_zone[0m[0m                    = (known after apply)
      [32m+[0m [0m[1m[0mcpu_core_count[0m[0m                       = (known after apply)
      [32m+[0m [0m[1m[0mcpu_threads_per_core[0m[0m                 = (known after apply)
      [32m+[0m [0m[1m[0mdisable_api_stop[0m[0m                     = (known after apply)
      [32m+[0m [0m[1m[0mdisable_api_termination[0m[0m              = (known after apply)
      [32m+[0m [0m[1m[0mebs_optimized[0m[0m                        = (known after apply)
      [32m+[0m [0m[1m[0mget_password_data[0m[0m                    = false
      [32m+[0m [0m[1m[0mhost_id[0m[0m                              = (known after apply)
      [32m+[0m [0m[1m[0mhost_resource_group_arn[0m[0m              = (known after apply)
      [32m+[0m [0m[1m[0miam_instance_profile[0m[0m                 = "ec2_storage_full_access"
      [32m+[0m [0m[1m[0mid[0m[0m                                   = (known after apply)
      [32m+[0m [0m[1m[0minstance_initiated_shutdown_behavior[0m[0m = (known after apply)
      [32m+[0m [0m[1m[0minstance_lifecycle[0m[0m                   = (known after apply)
      [32m+[0m [0m[1m[0minstance_state[0m[0m                       = (known after apply)
      [32m+[0m [0m[1m[0minstance_type[0m[0m                        = "t2.micro"
      [32m+[0m [0m[1m[0mipv6_address_count[0m[0m                   = (known after apply)
      [32m+[0m [0m[1m[0mipv6_addresses[0m[0m                       = (known after apply)
      [32m+[0m [0m[1m[0mkey_name[0m[0m                             = "test"
      [32m+[0m [0m[1m[0mmonitoring[0m[0m                           = (known after apply)
      [32m+[0m [0m[1m[0moutpost_arn[0m[0m                          = (known after apply)
      [32m+[0m [0m[1m[0mpassword_data[0m[0m                        = (known after apply)
      [32m+[0m [0m[1m[0mplacement_group[0m[0m                      = (known after apply)
      [32m+[0m [0m[1m[0mplacement_partition_number[0m[0m           = (known after apply)
      [32m+[0m [0m[1m[0mprimary_network_interface_id[0m[0m         = (known after apply)
      [32m+[0m [0m[1m[0mprivate_dns[0m[0m                          = (known after apply)
      [32m+[0m [0m[1m[0mprivate_ip[0m[0m                           = (known after apply)
      [32m+[0m [0m[1m[0mpublic_dns[0m[0m                           = (known after apply)
      [32m+[0m [0m[1m[0mpublic_ip[0m[0m                            = (known after apply)
      [32m+[0m [0m[1m[0msecondary_private_ips[0m[0m                = (known after apply)
      [32m+[0m [0m[1m[0msecurity_groups[0m[0m                      = (known after apply)
      [32m+[0m [0m[1m[0msource_dest_check[0m[0m                    = true
      [32m+[0m [0m[1m[0mspot_instance_request_id[0m[0m             = (known after apply)
      [32m+[0m [0m[1m[0msubnet_id[0m[0m                            = (known after apply)
      [32m+[0m [0m[1m[0mtags[0m[0m                                 = {
          [32m+[0m [0m"Name" = "proj2024-ec2_public"
        }
      [32m+[0m [0m[1m[0mtags_all[0m[0m                             = {
          [32m+[0m [0m"Name" = "proj2024-ec2_public"
        }
      [32m+[0m [0m[1m[0mtenancy[0m[0m                              = (known after apply)
      [32m+[0m [0m[1m[0muser_data[0m[0m                            = (known after apply)
      [32m+[0m [0m[1m[0muser_data_base64[0m[0m                     = (known after apply)
      [32m+[0m [0m[1m[0muser_data_replace_on_change[0m[0m          = false
      [32m+[0m [0m[1m[0mvpc_security_group_ids[0m[0m               = (known after apply)

      [32m+[0m [0mcapacity_reservation_specification {
          [32m+[0m [0m[1m[0mcapacity_reservation_preference[0m[0m = (known after apply)

          [32m+[0m [0mcapacity_reservation_target {
              [32m+[0m [0m[1m[0mcapacity_reservation_id[0m[0m                 = (known after apply)
              [32m+[0m [0m[1m[0mcapacity_reservation_resource_group_arn[0m[0m = (known after apply)
            }
        }

      [32m+[0m [0mcpu_options {
          [32m+[0m [0m[1m[0mamd_sev_snp[0m[0m      = (known after apply)
          [32m+[0m [0m[1m[0mcore_count[0m[0m       = (known after apply)
          [32m+[0m [0m[1m[0mthreads_per_core[0m[0m = (known after apply)
        }

      [32m+[0m [0mebs_block_device {
          [32m+[0m [0m[1m[0mdelete_on_termination[0m[0m = (known after apply)
          [32m+[0m [0m[1m[0mdevice_name[0m[0m           = (known after apply)
          [32m+[0m [0m[1m[0mencrypted[0m[0m             = (known after apply)
          [32m+[0m [0m[1m[0miops[0m[0m                  = (known after apply)
          [32m+[0m [0m[1m[0mkms_key_id[0m[0m            = (known after apply)
          [32m+[0m [0m[1m[0msnapshot_id[0m[0m           = (known after apply)
          [32m+[0m [0m[1m[0mtags[0m[0m                  = (known after apply)
          [32m+[0m [0m[1m[0mthroughput[0m[0m            = (known after apply)
          [32m+[0m [0m[1m[0mvolume_id[0m[0m             = (known after apply)
          [32m+[0m [0m[1m[0mvolume_size[0m[0m           = (known after apply)
          [32m+[0m [0m[1m[0mvolume_type[0m[0m           = (known after apply)
        }

      [32m+[0m [0menclave_options {
          [32m+[0m [0m[1m[0menabled[0m[0m = (known after apply)
        }

      [32m+[0m [0mephemeral_block_device {
          [32m+[0m [0m[1m[0mdevice_name[0m[0m  = (known after apply)
          [32m+[0m [0m[1m[0mno_device[0m[0m    = (known after apply)
          [32m+[0m [0m[1m[0mvirtual_name[0m[0m = (known after apply)
        }

      [32m+[0m [0minstance_market_options {
          [32m+[0m [0m[1m[0mmarket_type[0m[0m = (known after apply)

          [32m+[0m [0mspot_options {
              [32m+[0m [0m[1m[0minstance_interruption_behavior[0m[0m = (known after apply)
              [32m+[0m [0m[1m[0mmax_price[0m[0m                      = (known after apply)
              [32m+[0m [0m[1m[0mspot_instance_type[0m[0m             = (known after apply)
              [32m+[0m [0m[1m[0mvalid_until[0m[0m                    = (known after apply)
            }
        }

      [32m+[0m [0mmaintenance_options {
          [32m+[0m [0m[1m[0mauto_recovery[0m[0m = (known after apply)
        }

      [32m+[0m [0mmetadata_options {
          [32m+[0m [0m[1m[0mhttp_endpoint[0m[0m               = (known after apply)
          [32m+[0m [0m[1m[0mhttp_protocol_ipv6[0m[0m          = (known after apply)
          [32m+[0m [0m[1m[0mhttp_put_response_hop_limit[0m[0m = (known after apply)
          [32m+[0m [0m[1m[0mhttp_tokens[0m[0m                 = (known after apply)
          [32m+[0m [0m[1m[0minstance_metadata_tags[0m[0m      = (known after apply)
        }

      [32m+[0m [0mnetwork_interface {
          [32m+[0m [0m[1m[0mdelete_on_termination[0m[0m = (known after apply)
          [32m+[0m [0m[1m[0mdevice_index[0m[0m          = (known after apply)
          [32m+[0m [0m[1m[0mnetwork_card_index[0m[0m    = (known after apply)
          [32m+[0m [0m[1m[0mnetwork_interface_id[0m[0m  = (known after apply)
        }

      [32m+[0m [0mprivate_dns_name_options {
          [32m+[0m [0m[1m[0menable_resource_name_dns_a_record[0m[0m    = (known after apply)
          [32m+[0m [0m[1m[0menable_resource_name_dns_aaaa_record[0m[0m = (known after apply)
          [32m+[0m [0m[1m[0mhostname_type[0m[0m                        = (known after apply)
        }

      [32m+[0m [0mroot_block_device {
          [32m+[0m [0m[1m[0mdelete_on_termination[0m[0m = (known after apply)
          [32m+[0m [0m[1m[0mdevice_name[0m[0m           = (known after apply)
          [32m+[0m [0m[1m[0mencrypted[0m[0m             = (known after apply)
          [32m+[0m [0m[1m[0miops[0m[0m                  = (known after apply)
          [32m+[0m [0m[1m[0mkms_key_id[0m[0m            = (known after apply)
          [32m+[0m [0m[1m[0mtags[0m[0m                  = (known after apply)
          [32m+[0m [0m[1m[0mthroughput[0m[0m            = (known after apply)
          [32m+[0m [0m[1m[0mvolume_id[0m[0m             = (known after apply)
          [32m+[0m [0m[1m[0mvolume_size[0m[0m           = (known after apply)
          [32m+[0m [0m[1m[0mvolume_type[0m[0m           = (known after apply)
        }
    }

[1m  # aws_internet_gateway.igw[0m will be created[0m[0m
[0m  [32m+[0m[0m resource "aws_internet_gateway" "igw" {
      [32m+[0m [0m[1m[0marn[0m[0m      = (known after apply)
      [32m+[0m [0m[1m[0mid[0m[0m       = (known after apply)
      [32m+[0m [0m[1m[0mowner_id[0m[0m = (known after apply)
      [32m+[0m [0m[1m[0mtags[0m[0m     = {
          [32m+[0m [0m"Name" = "proj2024-igw"
        }
      [32m+[0m [0m[1m[0mtags_all[0m[0m = {
          [32m+[0m [0m"Name" = "proj2024-igw"
        }
      [32m+[0m [0m[1m[0mvpc_id[0m[0m   = (known after apply)
    }

[1m  # aws_nat_gateway.ngw[0m will be created[0m[0m
[0m  [32m+[0m[0m resource "aws_nat_gateway" "ngw" {
      [32m+[0m [0m[1m[0mallocation_id[0m[0m                      = (known after apply)
      [32m+[0m [0m[1m[0massociation_id[0m[0m                     = (known after apply)
      [32m+[0m [0m[1m[0mconnectivity_type[0m[0m                  = "public"
      [32m+[0m [0m[1m[0mid[0m[0m                                 = (known after apply)
      [32m+[0m [0m[1m[0mnetwork_interface_id[0m[0m               = (known after apply)
      [32m+[0m [0m[1m[0mprivate_ip[0m[0m                         = (known after apply)
      [32m+[0m [0m[1m[0mpublic_ip[0m[0m                          = (known after apply)
      [32m+[0m [0m[1m[0msecondary_private_ip_address_count[0m[0m = (known after apply)
      [32m+[0m [0m[1m[0msecondary_private_ip_addresses[0m[0m     = (known after apply)
      [32m+[0m [0m[1m[0msubnet_id[0m[0m                          = (known after apply)
      [32m+[0m [0m[1m[0mtags[0m[0m                               = {
          [32m+[0m [0m"Name" = "proj2024-ngw"
        }
      [32m+[0m [0m[1m[0mtags_all[0m[0m                           = {
          [32m+[0m [0m"Name" = "proj2024-ngw"
        }
    }

[1m  # aws_route_table.private_route_table[0m will be created[0m[0m
[0m  [32m+[0m[0m resource "aws_route_table" "private_route_table" {
      [32m+[0m [0m[1m[0marn[0m[0m              = (known after apply)
      [32m+[0m [0m[1m[0mid[0m[0m               = (known after apply)
      [32m+[0m [0m[1m[0mowner_id[0m[0m         = (known after apply)
      [32m+[0m [0m[1m[0mpropagating_vgws[0m[0m = (known after apply)
      [32m+[0m [0m[1m[0mroute[0m[0m            = [
          [32m+[0m [0m{
              [32m+[0m [0mcarrier_gateway_id         = ""
              [32m+[0m [0mcidr_block                 = "0.0.0.0/0"
              [32m+[0m [0mcore_network_arn           = ""
              [32m+[0m [0mdestination_prefix_list_id = ""
              [32m+[0m [0megress_only_gateway_id     = ""
              [32m+[0m [0mgateway_id                 = (known after apply)
              [32m+[0m [0mipv6_cidr_block            = ""
              [32m+[0m [0mlocal_gateway_id           = ""
              [32m+[0m [0mnat_gateway_id             = ""
              [32m+[0m [0mnetwork_interface_id       = ""
              [32m+[0m [0mtransit_gateway_id         = ""
              [32m+[0m [0mvpc_endpoint_id            = ""
              [32m+[0m [0mvpc_peering_connection_id  = ""
            },
          [32m+[0m [0m{
              [32m+[0m [0mcarrier_gateway_id         = ""
              [32m+[0m [0mcidr_block                 = "10.12.0.0/16"
              [32m+[0m [0mcore_network_arn           = ""
              [32m+[0m [0mdestination_prefix_list_id = ""
              [32m+[0m [0megress_only_gateway_id     = ""
              [32m+[0m [0mgateway_id                 = "local"
              [32m+[0m [0mipv6_cidr_block            = ""
              [32m+[0m [0mlocal_gateway_id           = ""
              [32m+[0m [0mnat_gateway_id             = ""
              [32m+[0m [0mnetwork_interface_id       = ""
              [32m+[0m [0mtransit_gateway_id         = ""
              [32m+[0m [0mvpc_endpoint_id            = ""
              [32m+[0m [0mvpc_peering_connection_id  = ""
            },
        ]
      [32m+[0m [0m[1m[0mtags[0m[0m             = {
          [32m+[0m [0m"Name" = "proj2024-private_route_table"
        }
      [32m+[0m [0m[1m[0mtags_all[0m[0m         = {
          [32m+[0m [0m"Name" = "proj2024-private_route_table"
        }
      [32m+[0m [0m[1m[0mvpc_id[0m[0m           = (known after apply)
    }

[1m  # aws_route_table.public_route_table[0m will be created[0m[0m
[0m  [32m+[0m[0m resource "aws_route_table" "public_route_table" {
      [32m+[0m [0m[1m[0marn[0m[0m              = (known after apply)
      [32m+[0m [0m[1m[0mid[0m[0m               = (known after apply)
      [32m+[0m [0m[1m[0mowner_id[0m[0m         = (known after apply)
      [32m+[0m [0m[1m[0mpropagating_vgws[0m[0m = (known after apply)
      [32m+[0m [0m[1m[0mroute[0m[0m            = [
          [32m+[0m [0m{
              [32m+[0m [0mcarrier_gateway_id         = ""
              [32m+[0m [0mcidr_block                 = "0.0.0.0/0"
              [32m+[0m [0mcore_network_arn           = ""
              [32m+[0m [0mdestination_prefix_list_id = ""
              [32m+[0m [0megress_only_gateway_id     = ""
              [32m+[0m [0mgateway_id                 = (known after apply)
              [32m+[0m [0mipv6_cidr_block            = ""
              [32m+[0m [0mlocal_gateway_id           = ""
              [32m+[0m [0mnat_gateway_id             = ""
              [32m+[0m [0mnetwork_interface_id       = ""
              [32m+[0m [0mtransit_gateway_id         = ""
              [32m+[0m [0mvpc_endpoint_id            = ""
              [32m+[0m [0mvpc_peering_connection_id  = ""
            },
          [32m+[0m [0m{
              [32m+[0m [0mcarrier_gateway_id         = ""
              [32m+[0m [0mcidr_block                 = "10.12.0.0/16"
              [32m+[0m [0mcore_network_arn           = ""
              [32m+[0m [0mdestination_prefix_list_id = ""
              [32m+[0m [0megress_only_gateway_id     = ""
              [32m+[0m [0mgateway_id                 = "local"
              [32m+[0m [0mipv6_cidr_block            = ""
              [32m+[0m [0mlocal_gateway_id           = ""
              [32m+[0m [0mnat_gateway_id             = ""
              [32m+[0m [0mnetwork_interface_id       = ""
              [32m+[0m [0mtransit_gateway_id         = ""
              [32m+[0m [0mvpc_endpoint_id            = ""
              [32m+[0m [0mvpc_peering_connection_id  = ""
            },
        ]
      [32m+[0m [0m[1m[0mtags[0m[0m             = {
          [32m+[0m [0m"Name" = "proj2024-public-route-table"
        }
      [32m+[0m [0m[1m[0mtags_all[0m[0m         = {
          [32m+[0m [0m"Name" = "proj2024-public-route-table"
        }
      [32m+[0m [0m[1m[0mvpc_id[0m[0m           = (known after apply)
    }

[1m  # aws_route_table_association.private_route_table_association[0m will be created[0m[0m
[0m  [32m+[0m[0m resource "aws_route_table_association" "private_route_table_association" {
      [32m+[0m [0m[1m[0mid[0m[0m             = (known after apply)
      [32m+[0m [0m[1m[0mroute_table_id[0m[0m = (known after apply)
      [32m+[0m [0m[1m[0msubnet_id[0m[0m      = (known after apply)
    }

[1m  # aws_route_table_association.public_route_table_association[0m will be created[0m[0m
[0m  [32m+[0m[0m resource "aws_route_table_association" "public_route_table_association" {
      [32m+[0m [0m[1m[0mid[0m[0m             = (known after apply)
      [32m+[0m [0m[1m[0mroute_table_id[0m[0m = (known after apply)
      [32m+[0m [0m[1m[0msubnet_id[0m[0m      = (known after apply)
    }

[1m  # aws_s3_bucket.s3_bucket[0m will be created[0m[0m
[0m  [32m+[0m[0m resource "aws_s3_bucket" "s3_bucket" {
      [32m+[0m [0m[1m[0macceleration_status[0m[0m         = (known after apply)
      [32m+[0m [0m[1m[0macl[0m[0m                         = (known after apply)
      [32m+[0m [0m[1m[0marn[0m[0m                         = (known after apply)
      [32m+[0m [0m[1m[0mbucket[0m[0m                      = (known after apply)
      [32m+[0m [0m[1m[0mbucket_domain_name[0m[0m          = (known after apply)
      [32m+[0m [0m[1m[0mbucket_prefix[0m[0m               = (known after apply)
      [32m+[0m [0m[1m[0mbucket_regional_domain_name[0m[0m = (known after apply)
      [32m+[0m [0m[1m[0mforce_destroy[0m[0m               = true
      [32m+[0m [0m[1m[0mhosted_zone_id[0m[0m              = (known after apply)
      [32m+[0m [0m[1m[0mid[0m[0m                          = (known after apply)
      [32m+[0m [0m[1m[0mobject_lock_enabled[0m[0m         = (known after apply)
      [32m+[0m [0m[1m[0mpolicy[0m[0m                      = (known after apply)
      [32m+[0m [0m[1m[0mregion[0m[0m                      = (known after apply)
      [32m+[0m [0m[1m[0mrequest_payer[0m[0m               = (known after apply)
      [32m+[0m [0m[1m[0mtags_all[0m[0m                    = (known after apply)
      [32m+[0m [0m[1m[0mwebsite_domain[0m[0m              = (known after apply)
      [32m+[0m [0m[1m[0mwebsite_endpoint[0m[0m            = (known after apply)

      [32m+[0m [0mcors_rule {
          [32m+[0m [0m[1m[0mallowed_headers[0m[0m = (known after apply)
          [32m+[0m [0m[1m[0mallowed_methods[0m[0m = (known after apply)
          [32m+[0m [0m[1m[0mallowed_origins[0m[0m = (known after apply)
          [32m+[0m [0m[1m[0mexpose_headers[0m[0m  = (known after apply)
          [32m+[0m [0m[1m[0mmax_age_seconds[0m[0m = (known after apply)
        }

      [32m+[0m [0mgrant {
          [32m+[0m [0m[1m[0mid[0m[0m          = (known after apply)
          [32m+[0m [0m[1m[0mpermissions[0m[0m = (known after apply)
          [32m+[0m [0m[1m[0mtype[0m[0m        = (known after apply)
          [32m+[0m [0m[1m[0muri[0m[0m         = (known after apply)
        }

      [32m+[0m [0mlifecycle_rule {
          [32m+[0m [0m[1m[0mabort_incomplete_multipart_upload_days[0m[0m = (known after apply)
          [32m+[0m [0m[1m[0menabled[0m[0m                                = (known after apply)
          [32m+[0m [0m[1m[0mid[0m[0m                                     = (known after apply)
          [32m+[0m [0m[1m[0mprefix[0m[0m                                 = (known after apply)
          [32m+[0m [0m[1m[0mtags[0m[0m                                   = (known after apply)

          [32m+[0m [0mexpiration {
              [32m+[0m [0m[1m[0mdate[0m[0m                         = (known after apply)
              [32m+[0m [0m[1m[0mdays[0m[0m                         = (known after apply)
              [32m+[0m [0m[1m[0mexpired_object_delete_marker[0m[0m = (known after apply)
            }

          [32m+[0m [0mnoncurrent_version_expiration {
              [32m+[0m [0m[1m[0mdays[0m[0m = (known after apply)
            }

          [32m+[0m [0mnoncurrent_version_transition {
              [32m+[0m [0m[1m[0mdays[0m[0m          = (known after apply)
              [32m+[0m [0m[1m[0mstorage_class[0m[0m = (known after apply)
            }

          [32m+[0m [0mtransition {
              [32m+[0m [0m[1m[0mdate[0m[0m          = (known after apply)
              [32m+[0m [0m[1m[0mdays[0m[0m          = (known after apply)
              [32m+[0m [0m[1m[0mstorage_class[0m[0m = (known after apply)
            }
        }

      [32m+[0m [0mlogging {
          [32m+[0m [0m[1m[0mtarget_bucket[0m[0m = (known after apply)
          [32m+[0m [0m[1m[0mtarget_prefix[0m[0m = (known after apply)
        }

      [32m+[0m [0mobject_lock_configuration {
          [32m+[0m [0m[1m[0mobject_lock_enabled[0m[0m = (known after apply)

          [32m+[0m [0mrule {
              [32m+[0m [0mdefault_retention {
                  [32m+[0m [0m[1m[0mdays[0m[0m  = (known after apply)
                  [32m+[0m [0m[1m[0mmode[0m[0m  = (known after apply)
                  [32m+[0m [0m[1m[0myears[0m[0m = (known after apply)
                }
            }
        }

      [32m+[0m [0mreplication_configuration {
          [32m+[0m [0m[1m[0mrole[0m[0m = (known after apply)

          [32m+[0m [0mrules {
              [32m+[0m [0m[1m[0mdelete_marker_replication_status[0m[0m = (known after apply)
              [32m+[0m [0m[1m[0mid[0m[0m                               = (known after apply)
              [32m+[0m [0m[1m[0mprefix[0m[0m                           = (known after apply)
              [32m+[0m [0m[1m[0mpriority[0m[0m                         = (known after apply)
              [32m+[0m [0m[1m[0mstatus[0m[0m                           = (known after apply)

              [32m+[0m [0mdestination {
                  [32m+[0m [0m[1m[0maccount_id[0m[0m         = (known after apply)
                  [32m+[0m [0m[1m[0mbucket[0m[0m             = (known after apply)
                  [32m+[0m [0m[1m[0mreplica_kms_key_id[0m[0m = (known after apply)
                  [32m+[0m [0m[1m[0mstorage_class[0m[0m      = (known after apply)

                  [32m+[0m [0maccess_control_translation {
                      [32m+[0m [0m[1m[0mowner[0m[0m = (known after apply)
                    }

                  [32m+[0m [0mmetrics {
                      [32m+[0m [0m[1m[0mminutes[0m[0m = (known after apply)
                      [32m+[0m [0m[1m[0mstatus[0m[0m  = (known after apply)
                    }

                  [32m+[0m [0mreplication_time {
                      [32m+[0m [0m[1m[0mminutes[0m[0m = (known after apply)
                      [32m+[0m [0m[1m[0mstatus[0m[0m  = (known after apply)
                    }
                }

              [32m+[0m [0mfilter {
                  [32m+[0m [0m[1m[0mprefix[0m[0m = (known after apply)
                  [32m+[0m [0m[1m[0mtags[0m[0m   = (known after apply)
                }

              [32m+[0m [0msource_selection_criteria {
                  [32m+[0m [0msse_kms_encrypted_objects {
                      [32m+[0m [0m[1m[0menabled[0m[0m = (known after apply)
                    }
                }
            }
        }

      [32m+[0m [0mserver_side_encryption_configuration {
          [32m+[0m [0mrule {
              [32m+[0m [0m[1m[0mbucket_key_enabled[0m[0m = (known after apply)

              [32m+[0m [0mapply_server_side_encryption_by_default {
                  [32m+[0m [0m[1m[0mkms_master_key_id[0m[0m = (known after apply)
                  [32m+[0m [0m[1m[0msse_algorithm[0m[0m     = (known after apply)
                }
            }
        }

      [32m+[0m [0mversioning {
          [32m+[0m [0m[1m[0menabled[0m[0m    = (known after apply)
          [32m+[0m [0m[1m[0mmfa_delete[0m[0m = (known after apply)
        }

      [32m+[0m [0mwebsite {
          [32m+[0m [0m[1m[0merror_document[0m[0m           = (known after apply)
          [32m+[0m [0m[1m[0mindex_document[0m[0m           = (known after apply)
          [32m+[0m [0m[1m[0mredirect_all_requests_to[0m[0m = (known after apply)
          [32m+[0m [0m[1m[0mrouting_rules[0m[0m            = (known after apply)
        }
    }

[1m  # aws_security_group.private_efs_security_group[0m will be created[0m[0m
[0m  [32m+[0m[0m resource "aws_security_group" "private_efs_security_group" {
      [32m+[0m [0m[1m[0marn[0m[0m                    = (known after apply)
      [32m+[0m [0m[1m[0mdescription[0m[0m            = "private security group for local efs, efs/nfs from local"
      [32m+[0m [0m[1m[0megress[0m[0m                 = [
          [32m+[0m [0m{
              [32m+[0m [0mcidr_blocks      = [
                  [32m+[0m [0m"0.0.0.0/0",
                ]
              [32m+[0m [0mdescription      = ""
              [32m+[0m [0mfrom_port        = 0
              [32m+[0m [0mipv6_cidr_blocks = []
              [32m+[0m [0mprefix_list_ids  = []
              [32m+[0m [0mprotocol         = "-1"
              [32m+[0m [0msecurity_groups  = []
              [32m+[0m [0mself             = false
              [32m+[0m [0mto_port          = 0
            },
        ]
      [32m+[0m [0m[1m[0mid[0m[0m                     = (known after apply)
      [32m+[0m [0m[1m[0mingress[0m[0m                = [
          [32m+[0m [0m{
              [32m+[0m [0mcidr_blocks      = [
                  [32m+[0m [0m"10.12.0.0/16",
                ]
              [32m+[0m [0mdescription      = ""
              [32m+[0m [0mfrom_port        = 2049
              [32m+[0m [0mipv6_cidr_blocks = []
              [32m+[0m [0mprefix_list_ids  = []
              [32m+[0m [0mprotocol         = "tcp"
              [32m+[0m [0msecurity_groups  = []
              [32m+[0m [0mself             = false
              [32m+[0m [0mto_port          = 2049
            },
        ]
      [32m+[0m [0m[1m[0mname[0m[0m                   = "proj2024-private-efs-sg"
      [32m+[0m [0m[1m[0mname_prefix[0m[0m            = (known after apply)
      [32m+[0m [0m[1m[0mowner_id[0m[0m               = (known after apply)
      [32m+[0m [0m[1m[0mrevoke_rules_on_delete[0m[0m = false
      [32m+[0m [0m[1m[0mtags[0m[0m                   = {
          [32m+[0m [0m"Name" = "proj2024-private-efs-sg"
        }
      [32m+[0m [0m[1m[0mtags_all[0m[0m               = {
          [32m+[0m [0m"Name" = "proj2024-private-efs-sg"
        }
      [32m+[0m [0m[1m[0mvpc_id[0m[0m                 = (known after apply)
    }

[1m  # aws_security_group.private_security_group[0m will be created[0m[0m
[0m  [32m+[0m[0m resource "aws_security_group" "private_security_group" {
      [32m+[0m [0m[1m[0marn[0m[0m                    = (known after apply)
      [32m+[0m [0m[1m[0mdescription[0m[0m            = "private security group for local ec2, ssh from local"
      [32m+[0m [0m[1m[0megress[0m[0m                 = [
          [32m+[0m [0m{
              [32m+[0m [0mcidr_blocks      = [
                  [32m+[0m [0m"0.0.0.0/0",
                ]
              [32m+[0m [0mdescription      = ""
              [32m+[0m [0mfrom_port        = 0
              [32m+[0m [0mipv6_cidr_blocks = []
              [32m+[0m [0mprefix_list_ids  = []
              [32m+[0m [0mprotocol         = "-1"
              [32m+[0m [0msecurity_groups  = []
              [32m+[0m [0mself             = false
              [32m+[0m [0mto_port          = 0
            },
        ]
      [32m+[0m [0m[1m[0mid[0m[0m                     = (known after apply)
      [32m+[0m [0m[1m[0mingress[0m[0m                = [
          [32m+[0m [0m{
              [32m+[0m [0mcidr_blocks      = [
                  [32m+[0m [0m"10.12.0.0/16",
                ]
              [32m+[0m [0mdescription      = ""
              [32m+[0m [0mfrom_port        = 22
              [32m+[0m [0mipv6_cidr_blocks = []
              [32m+[0m [0mprefix_list_ids  = []
              [32m+[0m [0mprotocol         = "tcp"
              [32m+[0m [0msecurity_groups  = []
              [32m+[0m [0mself             = false
              [32m+[0m [0mto_port          = 22
            },
        ]
      [32m+[0m [0m[1m[0mname[0m[0m                   = "proj2024-private_security_group"
      [32m+[0m [0m[1m[0mname_prefix[0m[0m            = (known after apply)
      [32m+[0m [0m[1m[0mowner_id[0m[0m               = (known after apply)
      [32m+[0m [0m[1m[0mrevoke_rules_on_delete[0m[0m = false
      [32m+[0m [0m[1m[0mtags[0m[0m                   = {
          [32m+[0m [0m"Name" = "proj2024-private_security_group"
        }
      [32m+[0m [0m[1m[0mtags_all[0m[0m               = {
          [32m+[0m [0m"Name" = "proj2024-private_security_group"
        }
      [32m+[0m [0m[1m[0mvpc_id[0m[0m                 = (known after apply)
    }

[1m  # aws_security_group.public_security_group[0m will be created[0m[0m
[0m  [32m+[0m[0m resource "aws_security_group" "public_security_group" {
      [32m+[0m [0m[1m[0marn[0m[0m                    = (known after apply)
      [32m+[0m [0m[1m[0mdescription[0m[0m            = "public security group for bastion"
      [32m+[0m [0m[1m[0megress[0m[0m                 = [
          [32m+[0m [0m{
              [32m+[0m [0mcidr_blocks      = [
                  [32m+[0m [0m"0.0.0.0/0",
                ]
              [32m+[0m [0mdescription      = ""
              [32m+[0m [0mfrom_port        = 0
              [32m+[0m [0mipv6_cidr_blocks = []
              [32m+[0m [0mprefix_list_ids  = []
              [32m+[0m [0mprotocol         = "-1"
              [32m+[0m [0msecurity_groups  = []
              [32m+[0m [0mself             = false
              [32m+[0m [0mto_port          = 0
            },
        ]
      [32m+[0m [0m[1m[0mid[0m[0m                     = (known after apply)
      [32m+[0m [0m[1m[0mingress[0m[0m                = [
          [32m+[0m [0m{
              [32m+[0m [0mcidr_blocks      = [
                  [32m+[0m [0m"5.29.128.74/32",
                ]
              [32m+[0m [0mdescription      = ""
              [32m+[0m [0mfrom_port        = 22
              [32m+[0m [0mipv6_cidr_blocks = []
              [32m+[0m [0mprefix_list_ids  = []
              [32m+[0m [0mprotocol         = "tcp"
              [32m+[0m [0msecurity_groups  = []
              [32m+[0m [0mself             = false
              [32m+[0m [0mto_port          = 22
            },
        ]
      [32m+[0m [0m[1m[0mname[0m[0m                   = "proj2024-public-security_group"
      [32m+[0m [0m[1m[0mname_prefix[0m[0m            = (known after apply)
      [32m+[0m [0m[1m[0mowner_id[0m[0m               = (known after apply)
      [32m+[0m [0m[1m[0mrevoke_rules_on_delete[0m[0m = false
      [32m+[0m [0m[1m[0mtags[0m[0m                   = {
          [32m+[0m [0m"Name" = "proj2024-public-security_group"
        }
      [32m+[0m [0m[1m[0mtags_all[0m[0m               = {
          [32m+[0m [0m"Name" = "proj2024-public-security_group"
        }
      [32m+[0m [0m[1m[0mvpc_id[0m[0m                 = (known after apply)
    }

[1m  # aws_subnet.subnet_private[0m will be created[0m[0m
[0m  [32m+[0m[0m resource "aws_subnet" "subnet_private" {
      [32m+[0m [0m[1m[0marn[0m[0m                                            = (known after apply)
      [32m+[0m [0m[1m[0massign_ipv6_address_on_creation[0m[0m                = false
      [32m+[0m [0m[1m[0mavailability_zone[0m[0m                              = (known after apply)
      [32m+[0m [0m[1m[0mavailability_zone_id[0m[0m                           = (known after apply)
      [32m+[0m [0m[1m[0mcidr_block[0m[0m                                     = "10.12.128.0/17"
      [32m+[0m [0m[1m[0menable_dns64[0m[0m                                   = false
      [32m+[0m [0m[1m[0menable_resource_name_dns_a_record_on_launch[0m[0m    = false
      [32m+[0m [0m[1m[0menable_resource_name_dns_aaaa_record_on_launch[0m[0m = false
      [32m+[0m [0m[1m[0mid[0m[0m                                             = (known after apply)
      [32m+[0m [0m[1m[0mipv6_cidr_block_association_id[0m[0m                 = (known after apply)
      [32m+[0m [0m[1m[0mipv6_native[0m[0m                                    = false
      [32m+[0m [0m[1m[0mmap_public_ip_on_launch[0m[0m                        = false
      [32m+[0m [0m[1m[0mowner_id[0m[0m                                       = (known after apply)
      [32m+[0m [0m[1m[0mprivate_dns_hostname_type_on_launch[0m[0m            = (known after apply)
      [32m+[0m [0m[1m[0mtags[0m[0m                                           = {
          [32m+[0m [0m"Name" = "proj2024-private-subnet"
        }
      [32m+[0m [0m[1m[0mtags_all[0m[0m                                       = {
          [32m+[0m [0m"Name" = "proj2024-private-subnet"
        }
      [32m+[0m [0m[1m[0mvpc_id[0m[0m                                         = (known after apply)
    }

[1m  # aws_subnet.subnet_public[0m will be created[0m[0m
[0m  [32m+[0m[0m resource "aws_subnet" "subnet_public" {
      [32m+[0m [0m[1m[0marn[0m[0m                                            = (known after apply)
      [32m+[0m [0m[1m[0massign_ipv6_address_on_creation[0m[0m                = false
      [32m+[0m [0m[1m[0mavailability_zone[0m[0m                              = (known after apply)
      [32m+[0m [0m[1m[0mavailability_zone_id[0m[0m                           = (known after apply)
      [32m+[0m [0m[1m[0mcidr_block[0m[0m                                     = "10.12.0.0/17"
      [32m+[0m [0m[1m[0menable_dns64[0m[0m                                   = false
      [32m+[0m [0m[1m[0menable_resource_name_dns_a_record_on_launch[0m[0m    = false
      [32m+[0m [0m[1m[0menable_resource_name_dns_aaaa_record_on_launch[0m[0m = false
      [32m+[0m [0m[1m[0mid[0m[0m                                             = (known after apply)
      [32m+[0m [0m[1m[0mipv6_cidr_block_association_id[0m[0m                 = (known after apply)
      [32m+[0m [0m[1m[0mipv6_native[0m[0m                                    = false
      [32m+[0m [0m[1m[0mmap_public_ip_on_launch[0m[0m                        = true
      [32m+[0m [0m[1m[0mowner_id[0m[0m                                       = (known after apply)
      [32m+[0m [0m[1m[0mprivate_dns_hostname_type_on_launch[0m[0m            = (known after apply)
      [32m+[0m [0m[1m[0mtags[0m[0m                                           = {
          [32m+[0m [0m"Name" = "proj2024-public-subnet"
        }
      [32m+[0m [0m[1m[0mtags_all[0m[0m                                       = {
          [32m+[0m [0m"Name" = "proj2024-public-subnet"
        }
      [32m+[0m [0m[1m[0mvpc_id[0m[0m                                         = (known after apply)
    }

[1m  # aws_vpc.project_vpc[0m will be created[0m[0m
[0m  [32m+[0m[0m resource "aws_vpc" "project_vpc" {
      [32m+[0m [0m[1m[0marn[0m[0m                                  = (known after apply)
      [32m+[0m [0m[1m[0mcidr_block[0m[0m                           = "10.12.0.0/16"
      [32m+[0m [0m[1m[0mdefault_network_acl_id[0m[0m               = (known after apply)
      [32m+[0m [0m[1m[0mdefault_route_table_id[0m[0m               = (known after apply)
      [32m+[0m [0m[1m[0mdefault_security_group_id[0m[0m            = (known after apply)
      [32m+[0m [0m[1m[0mdhcp_options_id[0m[0m                      = (known after apply)
      [32m+[0m [0m[1m[0menable_dns_hostnames[0m[0m                 = (known after apply)
      [32m+[0m [0m[1m[0menable_dns_support[0m[0m                   = true
      [32m+[0m [0m[1m[0menable_network_address_usage_metrics[0m[0m = (known after apply)
      [32m+[0m [0m[1m[0mid[0m[0m                                   = (known after apply)
      [32m+[0m [0m[1m[0minstance_tenancy[0m[0m                     = "default"
      [32m+[0m [0m[1m[0mipv6_association_id[0m[0m                  = (known after apply)
      [32m+[0m [0m[1m[0mipv6_cidr_block[0m[0m                      = (known after apply)
      [32m+[0m [0m[1m[0mipv6_cidr_block_network_border_group[0m[0m = (known after apply)
      [32m+[0m [0m[1m[0mmain_route_table_id[0m[0m                  = (known after apply)
      [32m+[0m [0m[1m[0mowner_id[0m[0m                             = (known after apply)
      [32m+[0m [0m[1m[0mtags[0m[0m                                 = {
          [32m+[0m [0m"Name" = "proj2024-vpc"
        }
      [32m+[0m [0m[1m[0mtags_all[0m[0m                             = {
          [32m+[0m [0m"Name" = "proj2024-vpc"
        }
    }

[1m  # random_string.random_str[0m will be created[0m[0m
[0m  [32m+[0m[0m resource "random_string" "random_str" {
      [32m+[0m [0m[1m[0mid[0m[0m          = (known after apply)
      [32m+[0m [0m[1m[0mlength[0m[0m      = 15
      [32m+[0m [0m[1m[0mlower[0m[0m       = true
      [32m+[0m [0m[1m[0mmin_lower[0m[0m   = 0
      [32m+[0m [0m[1m[0mmin_numeric[0m[0m = 0
      [32m+[0m [0m[1m[0mmin_special[0m[0m = 0
      [32m+[0m [0m[1m[0mmin_upper[0m[0m   = 0
      [32m+[0m [0m[1m[0mnumber[0m[0m      = true
      [32m+[0m [0m[1m[0mnumeric[0m[0m     = true
      [32m+[0m [0m[1m[0mresult[0m[0m      = (known after apply)
      [32m+[0m [0m[1m[0mspecial[0m[0m     = false
      [32m+[0m [0m[1m[0mupper[0m[0m       = false
    }

[0m[1mPlan:[0m 25 to add, 0 to change, 0 to destroy.
[0m[0m[1mrandom_string.random_str: Creating...[0m[0m
[0m[1mrandom_string.random_str: Creation complete after 0s [id=gutzedpzcq6xegl][0m
[0m[1maws_iam_policy.ec2_efs_policy: Creating...[0m[0m
[0m[1maws_vpc.project_vpc: Creating...[0m[0m
[0m[1maws_iam_role.ec2_storage_role: Creating...[0m[0m
[0m[1maws_efs_file_system.efs: Creating...[0m[0m
[0m[1maws_eip.eip: Creating...[0m[0m
[0m[1maws_s3_bucket.s3_bucket: Creating...[0m[0m
[0m[1maws_eip.eip: Creation complete after 1s [id=eipalloc-0d88a7449eafc2dc3][0m
[0m[1maws_iam_policy.ec2_efs_policy: Creation complete after 1s [id=arn:aws:iam::037527673086:policy/ec2_efs_policy][0m
[0m[1maws_iam_role.ec2_storage_role: Creation complete after 1s [id=ec2_storage_role][0m
[0m[1maws_iam_role_policy_attachment.ec2_efs_rw_attachment: Creating...[0m[0m
[0m[1maws_iam_role_policy_attachment.ec2_s3_rw_policy: Creating...[0m[0m
[0m[1maws_iam_instance_profile.ec2_storage_full_access: Creating...[0m[0m
[0m[1maws_iam_role_policy_attachment.ec2_s3_rw_policy: Creation complete after 0s [id=ec2_storage_role-20240225103542106300000002][0m
[0m[1maws_vpc.project_vpc: Creation complete after 1s [id=vpc-0b3b0aaed70b89a98][0m
[0m[1maws_internet_gateway.igw: Creating...[0m[0m
[0m[1maws_subnet.subnet_private: Creating...[0m[0m
[0m[1maws_security_group.private_security_group: Creating...[0m[0m
[0m[1maws_security_group.private_efs_security_group: Creating...[0m[0m
[0m[1maws_security_group.public_security_group: Creating...[0m[0m
[0m[1maws_iam_role_policy_attachment.ec2_efs_rw_attachment: Creation complete after 0s [id=ec2_storage_role-20240225103542106000000001][0m
[0m[1maws_iam_instance_profile.ec2_storage_full_access: Creation complete after 1s [id=ec2_storage_full_access][0m
[0m[1maws_internet_gateway.igw: Creation complete after 1s [id=igw-04ad60b2e63c4a013][0m
[0m[1maws_route_table.public_route_table: Creating...[0m[0m
[0m[1maws_s3_bucket.s3_bucket: Creation complete after 2s [id=proj2024-gutzedpzcq6xegl][0m
[0m[1maws_subnet.subnet_private: Creation complete after 1s [id=subnet-0a624d9d029c91dd2][0m
[0m[1maws_route_table.public_route_table: Creation complete after 1s [id=rtb-05eddf773677a334a][0m
[0m[1maws_subnet.subnet_public: Creating...[0m[0m
[0m[1maws_security_group.public_security_group: Creation complete after 3s [id=sg-0fe2da1c00d92b03d][0m
[0m[1maws_security_group.private_efs_security_group: Creation complete after 3s [id=sg-06d02f10a35f73881][0m
[0m[1maws_security_group.private_security_group: Creation complete after 3s [id=sg-00328b31240ba89a2][0m
[0m[1maws_efs_file_system.efs: Creation complete after 6s [id=fs-064943fc425d6a563][0m
[0m[1maws_efs_mount_target.efs_mount: Creating...[0m[0m
[0m[1maws_efs_access_point.efs_access_point: Creating...[0m[0m
[0m[1maws_instance.ec2_private: Creating...[0m[0m
[0m[1maws_efs_access_point.efs_access_point: Creation complete after 1s [id=fsap-0ff40215cef003169][0m
[0m[1maws_subnet.subnet_public: Still creating... [10s elapsed][0m[0m
[0m[1maws_efs_mount_target.efs_mount: Still creating... [10s elapsed][0m[0m
[0m[1maws_instance.ec2_private: Still creating... [10s elapsed][0m[0m
[0m[1maws_subnet.subnet_public: Creation complete after 16s [id=subnet-038702a5150dc5123][0m
[0m[1maws_route_table_association.public_route_table_association: Creating...[0m[0m
[0m[1maws_nat_gateway.ngw: Creating...[0m[0m
[0m[1maws_route_table_association.public_route_table_association: Creation complete after 1s [id=rtbassoc-049d83647fa821712][0m
[0m[1maws_efs_mount_target.efs_mount: Still creating... [20s elapsed][0m[0m
[0m[1maws_instance.ec2_private: Still creating... [20s elapsed][0m[0m
[0m[1maws_nat_gateway.ngw: Still creating... [10s elapsed][0m[0m
[0m[1maws_efs_mount_target.efs_mount: Still creating... [30s elapsed][0m[0m
[0m[1maws_instance.ec2_private: Still creating... [30s elapsed][0m[0m
[0m[1maws_nat_gateway.ngw: Still creating... [20s elapsed][0m[0m
[0m[1maws_instance.ec2_private: Creation complete after 37s [id=i-0e4da011943fee18c][0m
[0m[1maws_instance.ec2_public: Creating...[0m[0m
[0m[1maws_efs_mount_target.efs_mount: Still creating... [40s elapsed][0m[0m
[0m[1maws_nat_gateway.ngw: Still creating... [30s elapsed][0m[0m
[0m[1maws_instance.ec2_public: Still creating... [10s elapsed][0m[0m
[0m[1maws_efs_mount_target.efs_mount: Still creating... [50s elapsed][0m[0m
[0m[1maws_nat_gateway.ngw: Still creating... [40s elapsed][0m[0m
[0m[1maws_instance.ec2_public: Still creating... [20s elapsed][0m[0m
[0m[1maws_efs_mount_target.efs_mount: Still creating... [1m0s elapsed][0m[0m
[0m[1maws_nat_gateway.ngw: Still creating... [50s elapsed][0m[0m
[0m[1maws_instance.ec2_public: Still creating... [30s elapsed][0m[0m
[0m[1maws_efs_mount_target.efs_mount: Still creating... [1m10s elapsed][0m[0m
[0m[1maws_instance.ec2_public: Creation complete after 36s [id=i-0d7ba0b2ec7c8ba08][0m
[0m[1maws_nat_gateway.ngw: Still creating... [1m0s elapsed][0m[0m
[0m[1maws_efs_mount_target.efs_mount: Creation complete after 1m14s [id=fsmt-0a1c66327819f34c0][0m
[0m[1maws_nat_gateway.ngw: Still creating... [1m10s elapsed][0m[0m
[0m[1maws_nat_gateway.ngw: Still creating... [1m20s elapsed][0m[0m
[0m[1maws_nat_gateway.ngw: Still creating... [1m30s elapsed][0m[0m
[0m[1maws_nat_gateway.ngw: Still creating... [1m40s elapsed][0m[0m
[0m[1maws_nat_gateway.ngw: Still creating... [1m50s elapsed][0m[0m
[0m[1maws_nat_gateway.ngw: Still creating... [2m0s elapsed][0m[0m
[0m[1maws_nat_gateway.ngw: Creation complete after 2m6s [id=nat-0a5f151c06733d29a][0m
[0m[1maws_route_table.private_route_table: Creating...[0m[0m
[0m[1maws_route_table.private_route_table: Creation complete after 4s [id=rtb-0a2ad905ac36d815e][0m
[0m[1maws_route_table_association.private_route_table_association: Creating...[0m[0m
[0m[1maws_route_table_association.private_route_table_association: Creation complete after 3s [id=rtbassoc-0d95a974b4b236664][0m
[0m[1m[32m
Apply complete! Resources: 25 added, 0 changed, 0 destroyed.
[0m